
Microsoft Visual Studio Solution File, Format Version 12.00
# Visual Studio Version 16
VisualStudioVersion = 25.0.1706.10
MinimumVisualStudioVersion = 10.0.40219.1
Project("{FAE04EC0-301F-11D3-BF4B-00C04F79EFBC}") = "BoardGames", "BoardGames.csproj", "{F1BD2466-9E8C-48B0-A763-318F3929E471}"
EndProject
Global
	GlobalSection(SolutionConfigurationPlatforms) = preSolution
		Debug|Any CPU = Debug|Any CPU
		Release|Any CPU = Release|Any CPU
	EndGlobalSection
	GlobalSection(ProjectConfigurationPlatforms) = postSolution
		{F1BD2466-9E8C-48B0-A763-318F3929E471}.Debug|Any CPU.ActiveCfg = Debug|Any CPU
		{F1BD2466-9E8C-48B0-A763-318F3929E471}.Debug|Any CPU.Build.0 = Debug|Any CPU
		{F1BD2466-9E8C-48B0-A763-318F3929E471}.Release|Any CPU.ActiveCfg = Release|Any CPU
		{F1BD2466-9E8C-48B0-A763-318F3929E471}.Release|Any CPU.Build.0 = Release|Any CPU
	EndGlobalSection
	GlobalSection(SolutionProperties) = preSolution
		HideSolutionNode = FALSE
	EndGlobalSection
	GlobalSection(ExtensibilityGlobals) = postSolution
		SolutionGuid = {6BE23893-7B81-48F9-8100-1E1D524E3939}
	EndGlobalSection
EndGlobal
